
Microsoft Visual Studio Solution File, Format Version 12.00
# Visual Studio Version 17
VisualStudioVersion = 17.4.33213.308
MinimumVisualStudioVersion = 10.0.40219.1
Project("{FAE04EC0-301F-11D3-BF4B-00C04F79EFBC}") = "byteBank", "byteBank\byteBank.csproj", "{B9C7246B-8EAC-4B62-9051-FD4F848E80F5}"
EndProject
Global
	GlobalSection(SolutionConfigurationPlatforms) = preSolution
		Debug|Any CPU = Debug|Any CPU
		Release|Any CPU = Release|Any CPU
	EndGlobalSection
	GlobalSection(ProjectConfigurationPlatforms) = postSolution
		{B9C7246B-8EAC-4B62-9051-FD4F848E80F5}.Debug|Any CPU.ActiveCfg = Debug|Any CPU
		{B9C7246B-8EAC-4B62-9051-FD4F848E80F5}.Debug|Any CPU.Build.0 = Debug|Any CPU
		{B9C7246B-8EAC-4B62-9051-FD4F848E80F5}.Release|Any CPU.ActiveCfg = Release|Any CPU
		{B9C7246B-8EAC-4B62-9051-FD4F848E80F5}.Release|Any CPU.Build.0 = Release|Any CPU
	EndGlobalSection
	GlobalSection(SolutionProperties) = preSolution
		HideSolutionNode = FALSE
	EndGlobalSection
	GlobalSection(ExtensibilityGlobals) = postSolution
		SolutionGuid = {C28E1030-C4BB-46CD-AC9A-510D046DF2FB}
	EndGlobalSection
EndGlobal
