
Microsoft Visual Studio Solution File, Format Version 12.00
# Visual Studio Version 17
VisualStudioVersion = 17.4.33110.190
MinimumVisualStudioVersion = 10.0.40219.1
Project("{9A19103F-16F7-4668-BE54-9A1E7A4F7556}") = "IR", "IR\IR.csproj", "{2B5F8EDF-31A9-4B0B-AE2E-6D1F6C118CD8}"
EndProject
Project("{9A19103F-16F7-4668-BE54-9A1E7A4F7556}") = "While", "While\While.csproj", "{F07F5AEB-0DBB-40A9-8558-91844A2C9485}"
EndProject
Project("{9A19103F-16F7-4668-BE54-9A1E7A4F7556}") = "For", "For\For.csproj", "{D1AB314F-AA40-4D3B-A7D8-18A6C7D406FF}"
EndProject
Project("{9A19103F-16F7-4668-BE54-9A1E7A4F7556}") = "For2", "For2\For2.csproj", "{FA5B973F-9154-4DA4-9CE0-8017149C0CD8}"
EndProject
Project("{9A19103F-16F7-4668-BE54-9A1E7A4F7556}") = "SomaInvestimento", "SomaInvestimento\SomaInvestimento.csproj", "{106E6B7B-1FD7-4C33-9A16-26DCB25FFDA3}"
EndProject
Project("{9A19103F-16F7-4668-BE54-9A1E7A4F7556}") = "Logica1", "Logica1\Logica1.csproj", "{ADCB2C88-67A1-4E77-8504-16EC10DE9EF1}"
EndProject
Project("{9A19103F-16F7-4668-BE54-9A1E7A4F7556}") = "Terreno", "Terreno\Terreno.csproj", "{36AAE272-009F-41B0-98BD-0CFFBE1116D2}"
EndProject
Project("{9A19103F-16F7-4668-BE54-9A1E7A4F7556}") = "Retangulo", "Retangulo\Retangulo.csproj", "{602C6322-32FE-4A06-B52F-F64428E9E2B5}"
EndProject
Project("{9A19103F-16F7-4668-BE54-9A1E7A4F7556}") = "Idade", "Idade\Idade.csproj", "{25908BBD-EE45-41AF-A4CD-166FF48F3E71}"
EndProject
Project("{9A19103F-16F7-4668-BE54-9A1E7A4F7556}") = "Soma", "Soma\Soma.csproj", "{795E1A00-21CF-4A83-855A-15F305281024}"
EndProject
Project("{9A19103F-16F7-4668-BE54-9A1E7A4F7556}") = "Troco", "Troco\Troco.csproj", "{1ADF4DF9-8EB1-4816-ADCA-00CE20CB01D5}"
EndProject
Project("{9A19103F-16F7-4668-BE54-9A1E7A4F7556}") = "Pagamento", "Pagamento\Pagamento.csproj", "{09B043C5-71D6-4C7F-AAAE-27E72587D45E}"
EndProject
Project("{9A19103F-16F7-4668-BE54-9A1E7A4F7556}") = "Consumo", "Consumo\Consumo.csproj", "{32A00099-501D-47F8-A127-65EB8DE9B2C5}"
EndProject
Project("{9A19103F-16F7-4668-BE54-9A1E7A4F7556}") = "Medidas", "Medidas\Medidas.csproj", "{3A616AEE-D726-4CB6-B45E-4AE5F28AC6F8}"
EndProject
Project("{9A19103F-16F7-4668-BE54-9A1E7A4F7556}") = "Notas", "Notas\Notas.csproj", "{1EE3C87E-5A32-4134-931B-050A45B79B9E}"
EndProject
Project("{9A19103F-16F7-4668-BE54-9A1E7A4F7556}") = "Baskara", "Baskara\Baskara.csproj", "{F08BA4D3-B5EC-449A-BCAE-3EBDA8B1DC7C}"
EndProject
Project("{9A19103F-16F7-4668-BE54-9A1E7A4F7556}") = "MenorDe3", "MenorDe3\MenorDe3.csproj", "{6ECBA456-505B-4250-9E1D-8945DF6EDC8B}"
EndProject
Project("{FAE04EC0-301F-11D3-BF4B-00C04F79EFBC}") = "Operadora", "Operadora\Operadora.csproj", "{D7A9A72A-6399-4147-BB02-85FACBACBCCE}"
EndProject
Project("{FAE04EC0-301F-11D3-BF4B-00C04F79EFBC}") = "trocoVerificado", "trocoVerificado\trocoVerificado.csproj", "{EF3BC79B-7FD0-40D1-B4E5-11D0ECFC3C15}"
EndProject
Project("{FAE04EC0-301F-11D3-BF4B-00C04F79EFBC}") = "Glicose", "Glicose\Glicose.csproj", "{25FFEDC1-7DAB-437C-B207-7802082A83E8}"
EndProject
Project("{FAE04EC0-301F-11D3-BF4B-00C04F79EFBC}") = "Dardo", "Dardo\Dardo.csproj", "{74F4209A-B083-413C-B951-7666C01233D1}"
EndProject
Global
	GlobalSection(SolutionConfigurationPlatforms) = preSolution
		Debug|Any CPU = Debug|Any CPU
		Release|Any CPU = Release|Any CPU
	EndGlobalSection
	GlobalSection(ProjectConfigurationPlatforms) = postSolution
		{2B5F8EDF-31A9-4B0B-AE2E-6D1F6C118CD8}.Debug|Any CPU.ActiveCfg = Debug|Any CPU
		{2B5F8EDF-31A9-4B0B-AE2E-6D1F6C118CD8}.Debug|Any CPU.Build.0 = Debug|Any CPU
		{2B5F8EDF-31A9-4B0B-AE2E-6D1F6C118CD8}.Release|Any CPU.ActiveCfg = Release|Any CPU
		{2B5F8EDF-31A9-4B0B-AE2E-6D1F6C118CD8}.Release|Any CPU.Build.0 = Release|Any CPU
		{F07F5AEB-0DBB-40A9-8558-91844A2C9485}.Debug|Any CPU.ActiveCfg = Debug|Any CPU
		{F07F5AEB-0DBB-40A9-8558-91844A2C9485}.Debug|Any CPU.Build.0 = Debug|Any CPU
		{F07F5AEB-0DBB-40A9-8558-91844A2C9485}.Release|Any CPU.ActiveCfg = Release|Any CPU
		{F07F5AEB-0DBB-40A9-8558-91844A2C9485}.Release|Any CPU.Build.0 = Release|Any CPU
		{D1AB314F-AA40-4D3B-A7D8-18A6C7D406FF}.Debug|Any CPU.ActiveCfg = Debug|Any CPU
		{D1AB314F-AA40-4D3B-A7D8-18A6C7D406FF}.Debug|Any CPU.Build.0 = Debug|Any CPU
		{D1AB314F-AA40-4D3B-A7D8-18A6C7D406FF}.Release|Any CPU.ActiveCfg = Release|Any CPU
		{D1AB314F-AA40-4D3B-A7D8-18A6C7D406FF}.Release|Any CPU.Build.0 = Release|Any CPU
		{FA5B973F-9154-4DA4-9CE0-8017149C0CD8}.Debug|Any CPU.ActiveCfg = Debug|Any CPU
		{FA5B973F-9154-4DA4-9CE0-8017149C0CD8}.Debug|Any CPU.Build.0 = Debug|Any CPU
		{FA5B973F-9154-4DA4-9CE0-8017149C0CD8}.Release|Any CPU.ActiveCfg = Release|Any CPU
		{FA5B973F-9154-4DA4-9CE0-8017149C0CD8}.Release|Any CPU.Build.0 = Release|Any CPU
		{106E6B7B-1FD7-4C33-9A16-26DCB25FFDA3}.Debug|Any CPU.ActiveCfg = Debug|Any CPU
		{106E6B7B-1FD7-4C33-9A16-26DCB25FFDA3}.Debug|Any CPU.Build.0 = Debug|Any CPU
		{106E6B7B-1FD7-4C33-9A16-26DCB25FFDA3}.Release|Any CPU.ActiveCfg = Release|Any CPU
		{106E6B7B-1FD7-4C33-9A16-26DCB25FFDA3}.Release|Any CPU.Build.0 = Release|Any CPU
		{ADCB2C88-67A1-4E77-8504-16EC10DE9EF1}.Debug|Any CPU.ActiveCfg = Debug|Any CPU
		{ADCB2C88-67A1-4E77-8504-16EC10DE9EF1}.Debug|Any CPU.Build.0 = Debug|Any CPU
		{ADCB2C88-67A1-4E77-8504-16EC10DE9EF1}.Release|Any CPU.ActiveCfg = Release|Any CPU
		{ADCB2C88-67A1-4E77-8504-16EC10DE9EF1}.Release|Any CPU.Build.0 = Release|Any CPU
		{36AAE272-009F-41B0-98BD-0CFFBE1116D2}.Debug|Any CPU.ActiveCfg = Debug|Any CPU
		{36AAE272-009F-41B0-98BD-0CFFBE1116D2}.Debug|Any CPU.Build.0 = Debug|Any CPU
		{36AAE272-009F-41B0-98BD-0CFFBE1116D2}.Release|Any CPU.ActiveCfg = Release|Any CPU
		{36AAE272-009F-41B0-98BD-0CFFBE1116D2}.Release|Any CPU.Build.0 = Release|Any CPU
		{602C6322-32FE-4A06-B52F-F64428E9E2B5}.Debug|Any CPU.ActiveCfg = Debug|Any CPU
		{602C6322-32FE-4A06-B52F-F64428E9E2B5}.Debug|Any CPU.Build.0 = Debug|Any CPU
		{602C6322-32FE-4A06-B52F-F64428E9E2B5}.Release|Any CPU.ActiveCfg = Release|Any CPU
		{602C6322-32FE-4A06-B52F-F64428E9E2B5}.Release|Any CPU.Build.0 = Release|Any CPU
		{25908BBD-EE45-41AF-A4CD-166FF48F3E71}.Debug|Any CPU.ActiveCfg = Debug|Any CPU
		{25908BBD-EE45-41AF-A4CD-166FF48F3E71}.Debug|Any CPU.Build.0 = Debug|Any CPU
		{25908BBD-EE45-41AF-A4CD-166FF48F3E71}.Release|Any CPU.ActiveCfg = Release|Any CPU
		{25908BBD-EE45-41AF-A4CD-166FF48F3E71}.Release|Any CPU.Build.0 = Release|Any CPU
		{795E1A00-21CF-4A83-855A-15F305281024}.Debug|Any CPU.ActiveCfg = Debug|Any CPU
		{795E1A00-21CF-4A83-855A-15F305281024}.Debug|Any CPU.Build.0 = Debug|Any CPU
		{795E1A00-21CF-4A83-855A-15F305281024}.Release|Any CPU.ActiveCfg = Release|Any CPU
		{795E1A00-21CF-4A83-855A-15F305281024}.Release|Any CPU.Build.0 = Release|Any CPU
		{1ADF4DF9-8EB1-4816-ADCA-00CE20CB01D5}.Debug|Any CPU.ActiveCfg = Debug|Any CPU
		{1ADF4DF9-8EB1-4816-ADCA-00CE20CB01D5}.Debug|Any CPU.Build.0 = Debug|Any CPU
		{1ADF4DF9-8EB1-4816-ADCA-00CE20CB01D5}.Release|Any CPU.ActiveCfg = Release|Any CPU
		{1ADF4DF9-8EB1-4816-ADCA-00CE20CB01D5}.Release|Any CPU.Build.0 = Release|Any CPU
		{09B043C5-71D6-4C7F-AAAE-27E72587D45E}.Debug|Any CPU.ActiveCfg = Debug|Any CPU
		{09B043C5-71D6-4C7F-AAAE-27E72587D45E}.Debug|Any CPU.Build.0 = Debug|Any CPU
		{09B043C5-71D6-4C7F-AAAE-27E72587D45E}.Release|Any CPU.ActiveCfg = Release|Any CPU
		{09B043C5-71D6-4C7F-AAAE-27E72587D45E}.Release|Any CPU.Build.0 = Release|Any CPU
		{32A00099-501D-47F8-A127-65EB8DE9B2C5}.Debug|Any CPU.ActiveCfg = Debug|Any CPU
		{32A00099-501D-47F8-A127-65EB8DE9B2C5}.Debug|Any CPU.Build.0 = Debug|Any CPU
		{32A00099-501D-47F8-A127-65EB8DE9B2C5}.Release|Any CPU.ActiveCfg = Release|Any CPU
		{32A00099-501D-47F8-A127-65EB8DE9B2C5}.Release|Any CPU.Build.0 = Release|Any CPU
		{3A616AEE-D726-4CB6-B45E-4AE5F28AC6F8}.Debug|Any CPU.ActiveCfg = Debug|Any CPU
		{3A616AEE-D726-4CB6-B45E-4AE5F28AC6F8}.Debug|Any CPU.Build.0 = Debug|Any CPU
		{3A616AEE-D726-4CB6-B45E-4AE5F28AC6F8}.Release|Any CPU.ActiveCfg = Release|Any CPU
		{3A616AEE-D726-4CB6-B45E-4AE5F28AC6F8}.Release|Any CPU.Build.0 = Release|Any CPU
		{1EE3C87E-5A32-4134-931B-050A45B79B9E}.Debug|Any CPU.ActiveCfg = Debug|Any CPU
		{1EE3C87E-5A32-4134-931B-050A45B79B9E}.Debug|Any CPU.Build.0 = Debug|Any CPU
		{1EE3C87E-5A32-4134-931B-050A45B79B9E}.Release|Any CPU.ActiveCfg = Release|Any CPU
		{1EE3C87E-5A32-4134-931B-050A45B79B9E}.Release|Any CPU.Build.0 = Release|Any CPU
		{F08BA4D3-B5EC-449A-BCAE-3EBDA8B1DC7C}.Debug|Any CPU.ActiveCfg = Debug|Any CPU
		{F08BA4D3-B5EC-449A-BCAE-3EBDA8B1DC7C}.Debug|Any CPU.Build.0 = Debug|Any CPU
		{F08BA4D3-B5EC-449A-BCAE-3EBDA8B1DC7C}.Release|Any CPU.ActiveCfg = Release|Any CPU
		{F08BA4D3-B5EC-449A-BCAE-3EBDA8B1DC7C}.Release|Any CPU.Build.0 = Release|Any CPU
		{6ECBA456-505B-4250-9E1D-8945DF6EDC8B}.Debug|Any CPU.ActiveCfg = Debug|Any CPU
		{6ECBA456-505B-4250-9E1D-8945DF6EDC8B}.Debug|Any CPU.Build.0 = Debug|Any CPU
		{6ECBA456-505B-4250-9E1D-8945DF6EDC8B}.Release|Any CPU.ActiveCfg = Release|Any CPU
		{6ECBA456-505B-4250-9E1D-8945DF6EDC8B}.Release|Any CPU.Build.0 = Release|Any CPU
		{D7A9A72A-6399-4147-BB02-85FACBACBCCE}.Debug|Any CPU.ActiveCfg = Debug|Any CPU
		{D7A9A72A-6399-4147-BB02-85FACBACBCCE}.Debug|Any CPU.Build.0 = Debug|Any CPU
		{D7A9A72A-6399-4147-BB02-85FACBACBCCE}.Release|Any CPU.ActiveCfg = Release|Any CPU
		{D7A9A72A-6399-4147-BB02-85FACBACBCCE}.Release|Any CPU.Build.0 = Release|Any CPU
		{EF3BC79B-7FD0-40D1-B4E5-11D0ECFC3C15}.Debug|Any CPU.ActiveCfg = Debug|Any CPU
		{EF3BC79B-7FD0-40D1-B4E5-11D0ECFC3C15}.Debug|Any CPU.Build.0 = Debug|Any CPU
		{EF3BC79B-7FD0-40D1-B4E5-11D0ECFC3C15}.Release|Any CPU.ActiveCfg = Release|Any CPU
		{EF3BC79B-7FD0-40D1-B4E5-11D0ECFC3C15}.Release|Any CPU.Build.0 = Release|Any CPU
		{25FFEDC1-7DAB-437C-B207-7802082A83E8}.Debug|Any CPU.ActiveCfg = Debug|Any CPU
		{25FFEDC1-7DAB-437C-B207-7802082A83E8}.Debug|Any CPU.Build.0 = Debug|Any CPU
		{25FFEDC1-7DAB-437C-B207-7802082A83E8}.Release|Any CPU.ActiveCfg = Release|Any CPU
		{25FFEDC1-7DAB-437C-B207-7802082A83E8}.Release|Any CPU.Build.0 = Release|Any CPU
		{74F4209A-B083-413C-B951-7666C01233D1}.Debug|Any CPU.ActiveCfg = Debug|Any CPU
		{74F4209A-B083-413C-B951-7666C01233D1}.Debug|Any CPU.Build.0 = Debug|Any CPU
		{74F4209A-B083-413C-B951-7666C01233D1}.Release|Any CPU.ActiveCfg = Release|Any CPU
		{74F4209A-B083-413C-B951-7666C01233D1}.Release|Any CPU.Build.0 = Release|Any CPU
	EndGlobalSection
	GlobalSection(SolutionProperties) = preSolution
		HideSolutionNode = FALSE
	EndGlobalSection
	GlobalSection(ExtensibilityGlobals) = postSolution
		SolutionGuid = {F7D5C9D1-ACCA-4DE4-8097-0873EB59257B}
	EndGlobalSection
EndGlobal
