
Microsoft Visual Studio Solution File, Format Version 12.00
# Visual Studio Version 17
VisualStudioVersion = 17.4.33213.308
MinimumVisualStudioVersion = 10.0.40219.1
Project("{FAE04EC0-301F-11D3-BF4B-00C04F79EFBC}") = "FilmesAPI", "FilmesAPI\FilmesAPI.csproj", "{506FBF00-5096-4267-985C-68879A1064A7}"
EndProject
Global
	GlobalSection(SolutionConfigurationPlatforms) = preSolution
		Debug|Any CPU = Debug|Any CPU
		Release|Any CPU = Release|Any CPU
	EndGlobalSection
	GlobalSection(ProjectConfigurationPlatforms) = postSolution
		{506FBF00-5096-4267-985C-68879A1064A7}.Debug|Any CPU.ActiveCfg = Debug|Any CPU
		{506FBF00-5096-4267-985C-68879A1064A7}.Debug|Any CPU.Build.0 = Debug|Any CPU
		{506FBF00-5096-4267-985C-68879A1064A7}.Release|Any CPU.ActiveCfg = Release|Any CPU
		{506FBF00-5096-4267-985C-68879A1064A7}.Release|Any CPU.Build.0 = Release|Any CPU
	EndGlobalSection
	GlobalSection(SolutionProperties) = preSolution
		HideSolutionNode = FALSE
	EndGlobalSection
	GlobalSection(ExtensibilityGlobals) = postSolution
		SolutionGuid = {EE528831-71BF-47DA-BBE9-B12C3825EE00}
	EndGlobalSection
EndGlobal
